#MicroXplorer Configuration settings - do not modify
CORTEX_M7.ART_ACCLERATOR_ENABLE=1
CORTEX_M7.CPU_DCache=Enabled
CORTEX_M7.CPU_ICache=Enabled
CORTEX_M7.FlashInterface=AXI_Enabled
CORTEX_M7.IPParameters=ART_ACCLERATOR_ENABLE,PREFETCH_ENABLE,CPU_ICache,CPU_DCache,FlashInterface
CORTEX_M7.PREFETCH_ENABLE=1
File.Version=6
KeepUserPlacement=true
Mcu.Family=STM32F7
Mcu.IP0=CORTEX_M7
Mcu.IP1=NVIC
Mcu.IP2=RCC
Mcu.IP3=RNG
Mcu.IP4=SPI5
Mcu.IP5=SYS
Mcu.IP6=TIM1
Mcu.IP7=USART3
Mcu.IPNb=8
Mcu.Name=STM32F746Z(E-G)Tx
Mcu.Package=LQFP144
Mcu.Pin0=PE2
Mcu.Pin1=PE3
Mcu.Pin10=PF9
Mcu.Pin11=PH0/OSC_IN
Mcu.Pin12=PH1/OSC_OUT
Mcu.Pin13=PC1
Mcu.Pin14=PA1
Mcu.Pin15=PA2
Mcu.Pin16=PA7
Mcu.Pin17=PC4
Mcu.Pin18=PC5
Mcu.Pin19=PB13
Mcu.Pin2=PE4
Mcu.Pin20=PB14
Mcu.Pin21=PD8
Mcu.Pin22=PD9
Mcu.Pin23=PG6
Mcu.Pin24=PG7
Mcu.Pin25=PC8
Mcu.Pin26=PC9
Mcu.Pin27=PA8
Mcu.Pin28=PA9
Mcu.Pin29=PA10
Mcu.Pin3=PE5
Mcu.Pin30=PA11
Mcu.Pin31=PA12
Mcu.Pin32=PA13
Mcu.Pin33=PA14
Mcu.Pin34=PC10
Mcu.Pin35=PG11
Mcu.Pin36=PG13
Mcu.Pin37=PB3
Mcu.Pin38=PB7
Mcu.Pin39=VP_RNG_VS_RNG
Mcu.Pin4=PE6
Mcu.Pin40=VP_SYS_VS_Systick
Mcu.Pin41=VP_TIM1_VS_ClockSourceINT
Mcu.Pin5=PC13
Mcu.Pin6=PC14/OSC32_IN
Mcu.Pin7=PC15/OSC32_OUT
Mcu.Pin8=PF7
Mcu.Pin9=PF8
Mcu.PinsNb=42
Mcu.UserConstants=
Mcu.UserName=STM32F746ZGTx
MxCube.Version=4.15.1
MxDb.Version=DB.4.0.151
NVIC.BusFault_IRQn=true\:0\:0\:false\:false\:false
NVIC.DebugMonitor_IRQn=true\:0\:0\:false\:false\:false
NVIC.HardFault_IRQn=true\:0\:0\:false\:false\:false
NVIC.MemoryManagement_IRQn=true\:0\:0\:false\:false\:false
NVIC.NonMaskableInt_IRQn=true\:0\:0\:false\:false\:false
NVIC.PendSV_IRQn=true\:0\:0\:false\:false\:false
NVIC.PriorityGroup=NVIC_PRIORITYGROUP_4
NVIC.SVCall_IRQn=true\:0\:0\:false\:false\:false
NVIC.SysTick_IRQn=true\:0\:0\:false\:false\:true
NVIC.UsageFault_IRQn=true\:0\:0\:false\:false\:false
PA1.GPIOParameters=GPIO_Label
PA1.GPIO_Label=RMII_REF_CLK [LAN8742A-CZ-TR_REFCLK0]
PA1.Locked=true
PA1.Signal=ETH_REF_CLK
PA10.GPIOParameters=GPIO_Label
PA10.GPIO_Label=USB_ID
PA10.Locked=true
PA10.Signal=USB_OTG_FS_ID
PA11.GPIOParameters=GPIO_Label
PA11.GPIO_Label=USB_DM
PA11.Locked=true
PA11.Signal=USB_OTG_FS_DM
PA12.GPIOParameters=GPIO_Label
PA12.GPIO_Label=USB_DP
PA12.Locked=true
PA12.Signal=USB_OTG_FS_DP
PA13.GPIOParameters=GPIO_Label
PA13.GPIO_Label=TMS
PA13.Locked=true
PA13.Mode=Serial_Wire
PA13.Signal=SYS_JTMS-SWDIO
PA14.GPIOParameters=GPIO_Label
PA14.GPIO_Label=TCK
PA14.Locked=true
PA14.Mode=Serial_Wire
PA14.Signal=SYS_JTCK-SWCLK
PA2.GPIOParameters=GPIO_Label
PA2.GPIO_Label=RMII_MDIO [LAN8742A-CZ-TR_MDIO]
PA2.Locked=true
PA2.Signal=ETH_MDIO
PA7.GPIOParameters=GPIO_Label
PA7.GPIO_Label=RMII_CRS_DV [LAN8742A-CZ-TR_CRS_DV]
PA7.Locked=true
PA7.Signal=ETH_CRS_DV
PA8.GPIOParameters=GPIO_Label
PA8.GPIO_Label=USB_SOF [TP1]
PA8.Locked=true
PA8.Signal=USB_OTG_FS_SOF
PA9.GPIOParameters=GPIO_Label
PA9.GPIO_Label=USB_VBUS
PA9.Locked=true
PA9.Signal=USB_OTG_FS_VBUS
PB13.GPIOParameters=GPIO_Label
PB13.GPIO_Label=RMII_TXD1 [LAN8742A-CZ-TR_TXD1]
PB13.Locked=true
PB13.Signal=ETH_TXD1
PB14.GPIOParameters=GPIO_Label
PB14.GPIO_Label=LD3 [Red]
PB14.Locked=true
PB14.Signal=GPIO_Output
PB3.GPIOParameters=GPIO_Label
PB3.GPIO_Label=SWO
PB3.Locked=true
PB3.Signal=SYS_JTDO-SWO
PB7.GPIOParameters=GPIO_Label
PB7.GPIO_Label=LD2 [Blue]
PB7.Locked=true
PB7.Signal=GPIO_Output
PC1.GPIOParameters=GPIO_Label
PC1.GPIO_Label=RMII_MDC [LAN8742A-CZ-TR_MDC]
PC1.Locked=true
PC1.Signal=ETH_MDC
PC10.GPIOParameters=GPIO_Label,GPIO_Speed
PC10.GPIO_Label=RST
PC10.GPIO_Speed=GPIO_SPEED_FREQ_VERY_HIGH
PC10.Locked=true
PC10.Signal=GPIO_Output
PC13.GPIOParameters=GPIO_Label
PC13.GPIO_Label=User Blue Button [B1]
PC13.Locked=true
PC13.Signal=GPIO_Input
PC14/OSC32_IN.Locked=true
PC14/OSC32_IN.Mode=LSE-External-Oscillator
PC14/OSC32_IN.Signal=RCC_OSC32_IN
PC15/OSC32_OUT.Locked=true
PC15/OSC32_OUT.Mode=LSE-External-Oscillator
PC15/OSC32_OUT.Signal=RCC_OSC32_OUT
PC4.GPIOParameters=GPIO_Label
PC4.GPIO_Label=RMII_RXD0 [LAN8742A-CZ-TR_RXD0]
PC4.Locked=true
PC4.Signal=ETH_RXD0
PC5.GPIOParameters=GPIO_Label
PC5.GPIO_Label=RMII_RXD1 [LAN8742A-CZ-TR_RXD1]
PC5.Locked=true
PC5.Signal=ETH_RXD1
PC8.GPIOParameters=GPIO_Label,GPIO_Speed
PC8.GPIO_Label=CS
PC8.GPIO_Speed=GPIO_SPEED_FREQ_VERY_HIGH
PC8.Locked=true
PC8.Signal=GPIO_Output
PC9.GPIOParameters=GPIO_Label,GPIO_Speed
PC9.GPIO_Label=DC
PC9.GPIO_Speed=GPIO_SPEED_FREQ_VERY_HIGH
PC9.Signal=GPIO_Output
PCC.Checker=false
PCC.Line=STM32F7x6
PCC.MCU=STM32F746Z(E-G)Tx
PCC.MXVersion=4.15.1
PCC.PartNumber=STM32F746ZGTx
PCC.Seq0=0
PCC.Series=STM32F7
PCC.Temperature=25
PCC.Vdd=3.6
PD8.GPIOParameters=GPIO_Label
PD8.GPIO_Label=STLK_RX [STM32F103CBT6_PA3]
PD8.Locked=true
PD8.Mode=Asynchronous
PD8.Signal=USART3_TX
PD9.GPIOParameters=GPIO_Label
PD9.GPIO_Label=STLK_TX [STM32F103CBT6_PA2]
PD9.Locked=true
PD9.Mode=Asynchronous
PD9.Signal=USART3_RX
PE2.GPIOParameters=GPIO_Label,GPIO_PuPd
PE2.GPIO_Label=T_IRQ
PE2.GPIO_PuPd=GPIO_NOPULL
PE2.Locked=true
PE2.Signal=GPIO_Input
PE3.GPIOParameters=GPIO_Label,GPIO_Speed
PE3.GPIO_Label=T_CLK
PE3.GPIO_Speed=GPIO_SPEED_FREQ_VERY_HIGH
PE3.Locked=true
PE3.Signal=GPIO_Output
PE4.GPIOParameters=GPIO_Label,GPIO_PuPd
PE4.GPIO_Label=T_MISO
PE4.GPIO_PuPd=GPIO_PULLUP
PE4.Locked=true
PE4.Signal=GPIO_Input
PE5.GPIOParameters=GPIO_Label,GPIO_Speed,GPIO_PuPd
PE5.GPIO_Label=T_MOSI
PE5.GPIO_PuPd=GPIO_NOPULL
PE5.GPIO_Speed=GPIO_SPEED_FREQ_VERY_HIGH
PE5.Locked=true
PE5.Signal=GPIO_Output
PE6.GPIOParameters=GPIO_Label,GPIO_Speed,GPIO_PuPd
PE6.GPIO_Label=T_CS
PE6.GPIO_PuPd=GPIO_NOPULL
PE6.GPIO_Speed=GPIO_SPEED_FREQ_VERY_HIGH
PE6.Locked=true
PE6.Signal=GPIO_Output
PF7.Mode=Full_Duplex_Master
PF7.Signal=SPI5_SCK
PF8.Mode=Full_Duplex_Master
PF8.Signal=SPI5_MISO
PF9.Mode=Full_Duplex_Master
PF9.Signal=SPI5_MOSI
PG11.GPIOParameters=GPIO_Label
PG11.GPIO_Label=RMII_TX_EN [LAN8742A-CZ-TR_TXEN]
PG11.Locked=true
PG11.Signal=ETH_TX_EN
PG13.GPIOParameters=GPIO_Label
PG13.GPIO_Label=RMII_TXD0 [LAN8742A-CZ-TR_TXD0]
PG13.Locked=true
PG13.Signal=ETH_TXD0
PG6.GPIOParameters=GPIO_Label
PG6.GPIO_Label=USB_PowerSwitchOn [STMPS2151STR_EN]
PG6.Locked=true
PG6.Signal=GPIO_Output
PG7.GPIOParameters=GPIO_Label
PG7.GPIO_Label=USB_OverCurrent [STMPS2151STR_FAULT]
PG7.Locked=true
PG7.Signal=GPIO_Input
PH0/OSC_IN.GPIOParameters=GPIO_Label
PH0/OSC_IN.GPIO_Label=MCO [STM32F103CBT6_PA8]
PH0/OSC_IN.Locked=true
PH0/OSC_IN.Mode=HSE-External-Clock-Source
PH0/OSC_IN.Signal=RCC_OSC_IN
PH1/OSC_OUT.Locked=true
PH1/OSC_OUT.Mode=HSE-External-Clock-Source
PH1/OSC_OUT.Signal=RCC_OSC_OUT
ProjectManager.AskForMigrate=true
ProjectManager.BackupPrevious=false
ProjectManager.CompilerOptimize=2
ProjectManager.ComputerToolchain=false
ProjectManager.CoupleFile=true
ProjectManager.DeletePrevious=true
ProjectManager.DeviceId=STM32F746ZGTx
ProjectManager.FirmwarePackage=STM32Cube FW_F7 V1.4.1
ProjectManager.FreePins=false
ProjectManager.HalAssertFull=false
ProjectManager.HeapSize=0x200
ProjectManager.KeepUserCode=true
ProjectManager.LastFirmware=true
ProjectManager.LibraryCopy=0
ProjectManager.PreviousToolchain=
ProjectManager.ProjectBuild=false
ProjectManager.ProjectFileName=LCD.ioc
ProjectManager.ProjectName=LCD
ProjectManager.StackSize=0x400
ProjectManager.TargetToolchain=MDK-ARM V5
ProjectManager.ToolChainLocation=C\:\\Users\\Theoldknight\\Desktop\\BITBUCKET PROJECTS\\STM32F7 ILI9341\\LCD
ProjectManager.UnderRoot=false
ProjectManager.functionlistsort=1-MX_GPIO_Init-GPIO-false,2-MX_USART3_UART_Init-USART3-false,3-MX_SPI5_Init-SPI5-false,4-MX_RNG_Init-RNG-false,5-MX_TIM1_Init-TIM1-false
RCC.48MHZClocksFreq_Value=24000000
RCC.ADC12outputFreq_Value=72000000
RCC.ADC34outputFreq_Value=72000000
RCC.AHBFreq_Value=200000000
RCC.APB1CLKDivider=RCC_HCLK_DIV4
RCC.APB1Freq_Value=50000000
RCC.APB1TimFreq_Value=100000000
RCC.APB2CLKDivider=RCC_HCLK_DIV2
RCC.APB2Freq_Value=100000000
RCC.APB2TimFreq_Value=200000000
RCC.CECFreq_Value=32786.88524590164
RCC.CortexFreq_Value=200000000
RCC.EthernetFreq_Value=200000000
RCC.FCLKCortexFreq_Value=200000000
RCC.FamilyName=M
RCC.HCLKFreq_Value=200000000
RCC.HSE_VALUE=8000000
RCC.HSI_VALUE=16000000
RCC.I2C1Freq_Value=50000000
RCC.I2C2Freq_Value=50000000
RCC.I2C3Freq_Value=50000000
RCC.I2C4Freq_Value=50000000
RCC.I2SClocksFreq_Value=48000000
RCC.I2SFreq_Value=192000000
RCC.IPParameters=48MHZClocksFreq_Value,ADC12outputFreq_Value,ADC34outputFreq_Value,AHBFreq_Value,APB1CLKDivider,APB1Freq_Value,APB1TimFreq_Value,APB2CLKDivider,APB2Freq_Value,APB2TimFreq_Value,CECFreq_Value,CortexFreq_Value,EthernetFreq_Value,FCLKCortexFreq_Value,FamilyName,HCLKFreq_Value,HSE_VALUE,HSI_VALUE,I2C1Freq_Value,I2C2Freq_Value,I2C3Freq_Value,I2C4Freq_Value,I2SClocksFreq_Value,I2SFreq_Value,LCDTFToutputFreq_Value,LPTIM1Freq_Value,LSI_VALUE,MCO1PinFreq_Value,MCO2PinFreq_Value,MCOFreq_Value,PLLCLKFreq_Value,PLLI2SPCLKFreq_Value,PLLI2SQCLKFreq_Value,PLLI2SRCLKFreq_Value,PLLI2SRoutputFreq_Value,PLLM,PLLMCOFreq_Value,PLLMUL,PLLN,PLLQ,PLLQCLKFreq_Value,PLLQoutputFreq_Value,PLLSAIPCLKFreq_Value,PLLSAIQCLKFreq_Value,PLLSAIRCLKFreq_Value,PLLSAIoutputFreq_Value,PLLSourceVirtual,PRESCALERUSB,RNGFreq_Value,RTCFreq_Value,RTCHSEDivFreq_Value,SAI1Freq_Value,SAI2Freq_Value,SDMMCFreq_Value,SPDIFRXFreq_Value,SYSCLKFreq_VALUE,SYSCLKSource,SYSCLKSourceVirtual,TIM15Freq_Value,TIM16Freq_Value,TIM17Freq_Value,TIM1Freq_Value,TIM20Freq_Value,TIM2Freq_Value,TIM3Freq_Value,TIM8Freq_Value,UART4Freq_Value,UART5Freq_Value,UART7Freq_Value,UART8Freq_Value,USART1Freq_Value,USART2Freq_Value,USART3Freq_Value,USART6Freq_Value,USBFreq_Value,VCOI2SOutputFreq_Value,VCOInputFreq_Value,VCOOutput2Freq_Value,VCOOutputFreq_Value,VCOSAIOutputFreq_Value,VcooutputI2S,WatchDogFreq_Value
RCC.LCDTFToutputFreq_Value=96000000
RCC.LPTIM1Freq_Value=50000000
RCC.LSI_VALUE=40000
RCC.MCO1PinFreq_Value=16000000
RCC.MCO2PinFreq_Value=200000000
RCC.MCOFreq_Value=72000000
RCC.PLLCLKFreq_Value=200000000
RCC.PLLI2SPCLKFreq_Value=192000000
RCC.PLLI2SQCLKFreq_Value=192000000
RCC.PLLI2SRCLKFreq_Value=192000000
RCC.PLLI2SRoutputFreq_Value=192000000
RCC.PLLM=4
RCC.PLLMCOFreq_Value=72000000
RCC.PLLMUL=RCC_PLL_MUL9
RCC.PLLN=200
RCC.PLLQ=9
RCC.PLLQCLKFreq_Value=44444444.44444445
RCC.PLLQoutputFreq_Value=44444444.44444445
RCC.PLLSAIPCLKFreq_Value=192000000
RCC.PLLSAIQCLKFreq_Value=192000000
RCC.PLLSAIRCLKFreq_Value=192000000
RCC.PLLSAIoutputFreq_Value=192000000
RCC.PLLSourceVirtual=RCC_PLLSOURCE_HSE
RCC.PRESCALERUSB=RCC_USBCLKSOURCE_PLL_DIV1_5
RCC.RNGFreq_Value=44444444.44444445
RCC.RTCFreq_Value=40000
RCC.RTCHSEDivFreq_Value=4000000
RCC.SAI1Freq_Value=192000000
RCC.SAI2Freq_Value=192000000
RCC.SDMMCFreq_Value=200000000
RCC.SPDIFRXFreq_Value=192000000
RCC.SYSCLKFreq_VALUE=200000000
RCC.SYSCLKSource=RCC_SYSCLKSOURCE_PLLCLK
RCC.SYSCLKSourceVirtual=RCC_SYSCLKSOURCE_PLLCLK
RCC.TIM15Freq_Value=72000000
RCC.TIM16Freq_Value=72000000
RCC.TIM17Freq_Value=72000000
RCC.TIM1Freq_Value=72000000
RCC.TIM20Freq_Value=72000000
RCC.TIM2Freq_Value=72000000
RCC.TIM3Freq_Value=72000000
RCC.TIM8Freq_Value=72000000
RCC.UART4Freq_Value=50000000
RCC.UART5Freq_Value=50000000
RCC.UART7Freq_Value=50000000
RCC.UART8Freq_Value=50000000
RCC.USART1Freq_Value=100000000
RCC.USART2Freq_Value=50000000
RCC.USART3Freq_Value=50000000
RCC.USART6Freq_Value=100000000
RCC.USBFreq_Value=44444444.44444445
RCC.VCOI2SOutputFreq_Value=384000000
RCC.VCOInputFreq_Value=2000000
RCC.VCOOutput2Freq_Value=8000000
RCC.VCOOutputFreq_Value=400000000
RCC.VCOSAIOutputFreq_Value=384000000
RCC.VcooutputI2S=48000000
RCC.WatchDogFreq_Value=40000
SPI5.BaudRatePrescaler=SPI_BAUDRATEPRESCALER_2
SPI5.CalculateBaudRate=50.0 MBits/s
SPI5.DataSize=SPI_DATASIZE_8BIT
SPI5.IPParameters=Mode,CalculateBaudRate,BaudRatePrescaler,DataSize,NSSPMode
SPI5.Mode=SPI_MODE_MASTER
SPI5.NSSPMode=SPI_NSS_PULSE_DISABLE
TIM1.ClockDivision=TIM_CLOCKDIVISION_DIV2
TIM1.IPParameters=Period,Prescaler,ClockDivision
TIM1.Period=65535
TIM1.Prescaler=10000
VP_RNG_VS_RNG.Mode=RNG_Activate
VP_RNG_VS_RNG.Signal=RNG_VS_RNG
VP_SYS_VS_Systick.Mode=SysTick
VP_SYS_VS_Systick.Signal=SYS_VS_Systick
VP_TIM1_VS_ClockSourceINT.Mode=Internal
VP_TIM1_VS_ClockSourceINT.Signal=TIM1_VS_ClockSourceINT
board=NUCLEO-F746ZG
boardIOC=true
